
Microsoft Visual Studio Solution File, Format Version 12.00
# Visual Studio Version 16
VisualStudioVersion = 16.0.31105.61
MinimumVisualStudioVersion = 10.0.40219.1
Project("{FAE04EC0-301F-11D3-BF4B-00C04F79EFBC}") = "Mangga-stalker", "Tubes2_App\Mangga-stalker.csproj", "{6747986E-DCFA-4B2F-ABA6-866EC9D4AD78}"
EndProject
Global
	GlobalSection(SolutionConfigurationPlatforms) = preSolution
		Debug|Any CPU = Debug|Any CPU
		Release|Any CPU = Release|Any CPU
	EndGlobalSection
	GlobalSection(ProjectConfigurationPlatforms) = postSolution
		{6747986E-DCFA-4B2F-ABA6-866EC9D4AD78}.Debug|Any CPU.ActiveCfg = Debug|Any CPU
		{6747986E-DCFA-4B2F-ABA6-866EC9D4AD78}.Debug|Any CPU.Build.0 = Debug|Any CPU
		{6747986E-DCFA-4B2F-ABA6-866EC9D4AD78}.Release|Any CPU.ActiveCfg = Release|Any CPU
		{6747986E-DCFA-4B2F-ABA6-866EC9D4AD78}.Release|Any CPU.Build.0 = Release|Any CPU
	EndGlobalSection
	GlobalSection(SolutionProperties) = preSolution
		HideSolutionNode = FALSE
	EndGlobalSection
	GlobalSection(ExtensibilityGlobals) = postSolution
		SolutionGuid = {029AB014-4C16-4896-BDBB-F019D0A432A4}
	EndGlobalSection
EndGlobal
